Microsoft Visual Studio Solution File, Format Version 12.00
# Visual Studio Version 17
VisualStudioVersion = 17.10.35027.167
MinimumVisualStudioVersion = 10.0.40219.1
Project("{8BC9CEB8-8B4A-11D0-8D11-00A0C91BC942}") = "stcpclient", "stcpclient\stcpclient.vcxproj", "{42C918C3-9D60-4E18-B01A-DF0308B5B3F1}"
EndProject
Project("{8BC9CEB8-8B4A-11D0-8D11-00A0C91BC942}") = "stcpserver", "stcpserver\stcpserver.vcxproj", "{3BFFFE3A-4ECC-478B-9E31-0439975C13CC}"
EndProject
Project("{8BC9CEB8-8B4A-11D0-8D11-00A0C91BC942}") = "stcpcommon", "stcpcommon\stcpcommon.vcxproj", "{B1709B53-50D4-46CA-A302-09641E58BC9B}"
EndProject
Global
	GlobalSection(SolutionConfigurationPlatforms) = preSolution
		Debug|ARM64 = Debug|ARM64
		Debug|x64 = Debug|x64
		Debug|x86 = Debug|x86
		Release|ARM64 = Release|ARM64
		Release|x64 = Release|x64
		Release|x86 = Release|x86
	EndGlobalSection
	GlobalSection(ProjectConfigurationPlatforms) = postSolution
		{42C918C3-9D60-4E18-B01A-DF0308B5B3F1}.Debug|ARM64.ActiveCfg = Debug|ARM64
		{42C918C3-9D60-4E18-B01A-DF0308B5B3F1}.Debug|ARM64.Build.0 = Debug|ARM64
		{42C918C3-9D60-4E18-B01A-DF0308B5B3F1}.Debug|x64.ActiveCfg = Debug|x64
		{42C918C3-9D60-4E18-B01A-DF0308B5B3F1}.Debug|x64.Build.0 = Debug|x64
		{42C918C3-9D60-4E18-B01A-DF0308B5B3F1}.Debug|x86.ActiveCfg = Debug|Win32
		{42C918C3-9D60-4E18-B01A-DF0308B5B3F1}.Debug|x86.Build.0 = Debug|Win32
		{42C918C3-9D60-4E18-B01A-DF0308B5B3F1}.Release|ARM64.ActiveCfg = Release|ARM64
		{42C918C3-9D60-4E18-B01A-DF0308B5B3F1}.Release|ARM64.Build.0 = Release|ARM64
		{42C918C3-9D60-4E18-B01A-DF0308B5B3F1}.Release|x64.ActiveCfg = Release|x64
		{42C918C3-9D60-4E18-B01A-DF0308B5B3F1}.Release|x64.Build.0 = Release|x64
		{42C918C3-9D60-4E18-B01A-DF0308B5B3F1}.Release|x86.ActiveCfg = Release|Win32
		{42C918C3-9D60-4E18-B01A-DF0308B5B3F1}.Release|x86.Build.0 = Release|Win32
		{3BFFFE3A-4ECC-478B-9E31-0439975C13CC}.Debug|ARM64.ActiveCfg = Debug|ARM64
		{3BFFFE3A-4ECC-478B-9E31-0439975C13CC}.Debug|ARM64.Build.0 = Debug|ARM64
		{3BFFFE3A-4ECC-478B-9E31-0439975C13CC}.Debug|x64.ActiveCfg = Debug|x64
		{3BFFFE3A-4ECC-478B-9E31-0439975C13CC}.Debug|x64.Build.0 = Debug|x64
		{3BFFFE3A-4ECC-478B-9E31-0439975C13CC}.Debug|x86.ActiveCfg = Debug|Win32
		{3BFFFE3A-4ECC-478B-9E31-0439975C13CC}.Debug|x86.Build.0 = Debug|Win32
		{3BFFFE3A-4ECC-478B-9E31-0439975C13CC}.Release|ARM64.ActiveCfg = Release|ARM64
		{3BFFFE3A-4ECC-478B-9E31-0439975C13CC}.Release|ARM64.Build.0 = Release|ARM64
		{3BFFFE3A-4ECC-478B-9E31-0439975C13CC}.Release|x64.ActiveCfg = Release|x64
		{3BFFFE3A-4ECC-478B-9E31-0439975C13CC}.Release|x64.Build.0 = Release|x64
		{3BFFFE3A-4ECC-478B-9E31-0439975C13CC}.Release|x86.ActiveCfg = Release|Win32
		{3BFFFE3A-4ECC-478B-9E31-0439975C13CC}.Release|x86.Build.0 = Release|Win32
		{B1709B53-50D4-46CA-A302-09641E58BC9B}.Debug|ARM64.ActiveCfg = Debug|ARM64
		{B1709B53-50D4-46CA-A302-09641E58BC9B}.Debug|ARM64.Build.0 = Debug|ARM64
		{B1709B53-50D4-46CA-A302-09641E58BC9B}.Debug|x64.ActiveCfg = Debug|x64
		{B1709B53-50D4-46CA-A302-09641E58BC9B}.Debug|x64.Build.0 = Debug|x64
		{B1709B53-50D4-46CA-A302-09641E58BC9B}.Debug|x86.ActiveCfg = Debug|Win32
		{B1709B53-50D4-46CA-A302-09641E58BC9B}.Debug|x86.Build.0 = Debug|Win32
		{B1709B53-50D4-46CA-A302-09641E58BC9B}.Release|ARM64.ActiveCfg = Release|ARM64
		{B1709B53-50D4-46CA-A302-09641E58BC9B}.Release|ARM64.Build.0 = Release|ARM64
		{B1709B53-50D4-46CA-A302-09641E58BC9B}.Release|x64.ActiveCfg = Release|x64
		{B1709B53-50D4-46CA-A302-09641E58BC9B}.Release|x64.Build.0 = Release|x64
		{B1709B53-50D4-46CA-A302-09641E58BC9B}.Release|x86.ActiveCfg = Release|Win32
		{B1709B53-50D4-46CA-A302-09641E58BC9B}.Release|x86.Build.0 = Release|Win32
	EndGlobalSection
	GlobalSection(SolutionProperties) = preSolution
		HideSolutionNode = FALSE
	EndGlobalSection
	GlobalSection(ExtensibilityGlobals) = postSolution
		SolutionGuid = {80F232E1-1064-4407-B728-C9D6EA92378A}
	EndGlobalSection
EndGlobal
